
Microsoft Visual Studio Solution File, Format Version 12.00
# Visual Studio Version 17
VisualStudioVersion = 17.13.35931.197
MinimumVisualStudioVersion = 10.0.40219.1
Project("{FAE04EC0-301F-11D3-BF4B-00C04F79EFBC}") = "CurrencyTracker.Domain", "CurrencyTracker.Domain\CurrencyTracker.Domain.csproj", "{16E4401B-8587-4A56-9B5C-DA34EE75B2F5}"
EndProject
Project("{FAE04EC0-301F-11D3-BF4B-00C04F79EFBC}") = "CurrencyTracker.Application", "CurrencyTracker.Application\CurrencyTracker.Application.csproj", "{0F1CCA20-47C0-4BB6-B8AC-2DBFF6D9DC4F}"
EndProject
Project("{FAE04EC0-301F-11D3-BF4B-00C04F79EFBC}") = "CurrencyTracker.Infrastructure", "CurrencyTracker.Infrastructure\CurrencyTracker.Infrastructure.csproj", "{DE7F5540-5EEA-4DD9-813C-1BA42C9420BE}"
EndProject
Project("{2150E333-8FDC-42A3-9474-1A3956D46DE8}") = "Элементы решения", "Элементы решения", "{754FC069-D67B-A9D7-50A1-8D1CA196D8F1}"
	ProjectSection(SolutionItems) = preProject
		appsettings.json = appsettings.json
	EndProjectSection
EndProject
Project("{FAE04EC0-301F-11D3-BF4B-00C04F79EFBC}") = "CurrencyTracker.Console", "CurrencyTracker.Console\CurrencyTracker.Console.csproj", "{1A6760A0-22A5-48DD-B21A-ED2D8BBF7B01}"
EndProject
Project("{FAE04EC0-301F-11D3-BF4B-00C04F79EFBC}") = "CurrencyTracker.Web", "CurrencyTracker.Web\CurrencyTracker.Web.csproj", "{BFA1CF20-3EF9-44E2-A461-07BE6FFB20E4}"
EndProject
Global
	GlobalSection(SolutionConfigurationPlatforms) = preSolution
		Debug|Any CPU = Debug|Any CPU
		Release|Any CPU = Release|Any CPU
	EndGlobalSection
	GlobalSection(ProjectConfigurationPlatforms) = postSolution
		{16E4401B-8587-4A56-9B5C-DA34EE75B2F5}.Debug|Any CPU.ActiveCfg = Debug|Any CPU
		{16E4401B-8587-4A56-9B5C-DA34EE75B2F5}.Debug|Any CPU.Build.0 = Debug|Any CPU
		{16E4401B-8587-4A56-9B5C-DA34EE75B2F5}.Release|Any CPU.ActiveCfg = Release|Any CPU
		{16E4401B-8587-4A56-9B5C-DA34EE75B2F5}.Release|Any CPU.Build.0 = Release|Any CPU
		{0F1CCA20-47C0-4BB6-B8AC-2DBFF6D9DC4F}.Debug|Any CPU.ActiveCfg = Debug|Any CPU
		{0F1CCA20-47C0-4BB6-B8AC-2DBFF6D9DC4F}.Debug|Any CPU.Build.0 = Debug|Any CPU
		{0F1CCA20-47C0-4BB6-B8AC-2DBFF6D9DC4F}.Release|Any CPU.ActiveCfg = Release|Any CPU
		{0F1CCA20-47C0-4BB6-B8AC-2DBFF6D9DC4F}.Release|Any CPU.Build.0 = Release|Any CPU
		{DE7F5540-5EEA-4DD9-813C-1BA42C9420BE}.Debug|Any CPU.ActiveCfg = Debug|Any CPU
		{DE7F5540-5EEA-4DD9-813C-1BA42C9420BE}.Debug|Any CPU.Build.0 = Debug|Any CPU
		{DE7F5540-5EEA-4DD9-813C-1BA42C9420BE}.Release|Any CPU.ActiveCfg = Release|Any CPU
		{DE7F5540-5EEA-4DD9-813C-1BA42C9420BE}.Release|Any CPU.Build.0 = Release|Any CPU
		{1A6760A0-22A5-48DD-B21A-ED2D8BBF7B01}.Debug|Any CPU.ActiveCfg = Debug|Any CPU
		{1A6760A0-22A5-48DD-B21A-ED2D8BBF7B01}.Debug|Any CPU.Build.0 = Debug|Any CPU
		{1A6760A0-22A5-48DD-B21A-ED2D8BBF7B01}.Release|Any CPU.ActiveCfg = Release|Any CPU
		{1A6760A0-22A5-48DD-B21A-ED2D8BBF7B01}.Release|Any CPU.Build.0 = Release|Any CPU
		{BFA1CF20-3EF9-44E2-A461-07BE6FFB20E4}.Debug|Any CPU.ActiveCfg = Debug|Any CPU
		{BFA1CF20-3EF9-44E2-A461-07BE6FFB20E4}.Debug|Any CPU.Build.0 = Debug|Any CPU
		{BFA1CF20-3EF9-44E2-A461-07BE6FFB20E4}.Release|Any CPU.ActiveCfg = Release|Any CPU
		{BFA1CF20-3EF9-44E2-A461-07BE6FFB20E4}.Release|Any CPU.Build.0 = Release|Any CPU
	EndGlobalSection
	GlobalSection(SolutionProperties) = preSolution
		HideSolutionNode = FALSE
	EndGlobalSection
	GlobalSection(ExtensibilityGlobals) = postSolution
		SolutionGuid = {14801CF1-801C-4F94-9A7A-9AA19F69FFB8}
	EndGlobalSection
EndGlobal
